
Microsoft Visual Studio Solution File, Format Version 12.00
# Visual Studio Version 17
VisualStudioVersion = 17.0.31903.59
MinimumVisualStudioVersion = 10.0.40219.1
Project("{2150E333-8FDC-42A3-9474-1A3956D46DE8}") = "src", "src", "{7B6DCCAB-966D-459A-AA98-62A06F64414D}"
EndProject
Project("{2150E333-8FDC-42A3-9474-1A3956D46DE8}") = "Core", "Core", "{9A12D633-7624-41C7-9B17-F2F58EECBF50}"
EndProject
Project("{2150E333-8FDC-42A3-9474-1A3956D46DE8}") = "Application", "Application", "{61939BA4-A9B9-46FE-AD6A-20CF8754056C}"
EndProject
Project("{2150E333-8FDC-42A3-9474-1A3956D46DE8}") = "Domain", "Domain", "{C6AA5792-2029-4875-9FA8-DD8DA0013CFA}"
EndProject
Project("{2150E333-8FDC-42A3-9474-1A3956D46DE8}") = "Presentation", "Presentation", "{D72D2BC5-F0B1-4043-9F27-26223A046CF2}"
EndProject
Project("{2150E333-8FDC-42A3-9474-1A3956D46DE8}") = "Infrastructure", "Infrastructure", "{B4253460-EFBD-4DC9-81AB-8ABDE16B7461}"
EndProject
Project("{2150E333-8FDC-42A3-9474-1A3956D46DE8}") = "tests", "tests", "{B58AFB31-7C5F-4EB4-B802-0ACF3ECA6E57}"
EndProject
Project("{FAE04EC0-301F-11D3-BF4B-00C04F79EFBC}") = "SmartLearningPlanner.MobileApi", "src\Presentation\SmartLearningPlanner.MobileApi\SmartLearningPlanner.MobileApi.csproj", "{6B8D3FC1-9BE3-4590-AD22-44529891C157}"
EndProject
Project("{FAE04EC0-301F-11D3-BF4B-00C04F79EFBC}") = "SmartLearningPlanner.Domain.Entities", "src\Core\Domain\SmartLearningPlanner.Domain.Entities\SmartLearningPlanner.Domain.Entities.csproj", "{DF5E3A9D-186D-4DB4-8BEB-823680C60DEB}"
EndProject
Project("{FAE04EC0-301F-11D3-BF4B-00C04F79EFBC}") = "SmartLearningPlanner.Infrastructure.EntityFramework", "src\Infrastructure\SmartLearningPlanner.Infrastructure.EntityFramework\SmartLearningPlanner.Infrastructure.EntityFramework.csproj", "{5F066AF9-799B-460C-8E80-F13FDACA4AB7}"
EndProject
Project("{FAE04EC0-301F-11D3-BF4B-00C04F79EFBC}") = "SmartLearningPlanner.Application", "SmartLearningPlanner.Application\SmartLearningPlanner.Application.csproj", "{5C732EA8-DF38-4984-A048-F1EA6860D806}"
EndProject
Project("{FAE04EC0-301F-11D3-BF4B-00C04F79EFBC}") = "SmartLearningPlanner.Domain.Interfaces", "SmartLearningPlanner.Domain.Interfaces\SmartLearningPlanner.Domain.Interfaces.csproj", "{7CA62F1D-B011-47C7-9AC4-2AE1DD90FD00}"
EndProject
Project("{FAE04EC0-301F-11D3-BF4B-00C04F79EFBC}") = "SmartLearningPlanner.Infrastructure.Repositories", "SmartLearningPlanner.Infrastructure.Repositories\SmartLearningPlanner.Infrastructure.Repositories.csproj", "{9A1D2CE6-1E37-4D80-8E93-3C206C419DA7}"
EndProject
Project("{FAE04EC0-301F-11D3-BF4B-00C04F79EFBC}") = "SmartLearningPlanner.MobileApp", "src\Presentation\SmartLearningPlanner.MobileApp\SmartLearningPlanner.MobileApp.csproj", "{DAEA083F-BED3-4209-A874-D8BA212E9BAD}"
EndProject
Project("{FAE04EC0-301F-11D3-BF4B-00C04F79EFBC}") = "ConsoleApp1", "ConsoleApp1\ConsoleApp1.csproj", "{DBDE53AB-FDDA-4B1D-8450-8621E957E1F1}"
EndProject
Global
	GlobalSection(SolutionConfigurationPlatforms) = preSolution
		Debug|Any CPU = Debug|Any CPU
		Release|Any CPU = Release|Any CPU
	EndGlobalSection
	GlobalSection(ProjectConfigurationPlatforms) = postSolution
		{6B8D3FC1-9BE3-4590-AD22-44529891C157}.Debug|Any CPU.ActiveCfg = Debug|Any CPU
		{6B8D3FC1-9BE3-4590-AD22-44529891C157}.Debug|Any CPU.Build.0 = Debug|Any CPU
		{6B8D3FC1-9BE3-4590-AD22-44529891C157}.Release|Any CPU.ActiveCfg = Release|Any CPU
		{6B8D3FC1-9BE3-4590-AD22-44529891C157}.Release|Any CPU.Build.0 = Release|Any CPU
		{DF5E3A9D-186D-4DB4-8BEB-823680C60DEB}.Debug|Any CPU.ActiveCfg = Debug|Any CPU
		{DF5E3A9D-186D-4DB4-8BEB-823680C60DEB}.Debug|Any CPU.Build.0 = Debug|Any CPU
		{DF5E3A9D-186D-4DB4-8BEB-823680C60DEB}.Release|Any CPU.ActiveCfg = Release|Any CPU
		{DF5E3A9D-186D-4DB4-8BEB-823680C60DEB}.Release|Any CPU.Build.0 = Release|Any CPU
		{5F066AF9-799B-460C-8E80-F13FDACA4AB7}.Debug|Any CPU.ActiveCfg = Debug|Any CPU
		{5F066AF9-799B-460C-8E80-F13FDACA4AB7}.Debug|Any CPU.Build.0 = Debug|Any CPU
		{5F066AF9-799B-460C-8E80-F13FDACA4AB7}.Release|Any CPU.ActiveCfg = Release|Any CPU
		{5F066AF9-799B-460C-8E80-F13FDACA4AB7}.Release|Any CPU.Build.0 = Release|Any CPU
		{5C732EA8-DF38-4984-A048-F1EA6860D806}.Debug|Any CPU.ActiveCfg = Debug|Any CPU
		{5C732EA8-DF38-4984-A048-F1EA6860D806}.Debug|Any CPU.Build.0 = Debug|Any CPU
		{5C732EA8-DF38-4984-A048-F1EA6860D806}.Release|Any CPU.ActiveCfg = Release|Any CPU
		{5C732EA8-DF38-4984-A048-F1EA6860D806}.Release|Any CPU.Build.0 = Release|Any CPU
		{7CA62F1D-B011-47C7-9AC4-2AE1DD90FD00}.Debug|Any CPU.ActiveCfg = Debug|Any CPU
		{7CA62F1D-B011-47C7-9AC4-2AE1DD90FD00}.Debug|Any CPU.Build.0 = Debug|Any CPU
		{7CA62F1D-B011-47C7-9AC4-2AE1DD90FD00}.Release|Any CPU.ActiveCfg = Release|Any CPU
		{7CA62F1D-B011-47C7-9AC4-2AE1DD90FD00}.Release|Any CPU.Build.0 = Release|Any CPU
		{9A1D2CE6-1E37-4D80-8E93-3C206C419DA7}.Debug|Any CPU.ActiveCfg = Debug|Any CPU
		{9A1D2CE6-1E37-4D80-8E93-3C206C419DA7}.Debug|Any CPU.Build.0 = Debug|Any CPU
		{9A1D2CE6-1E37-4D80-8E93-3C206C419DA7}.Release|Any CPU.ActiveCfg = Release|Any CPU
		{9A1D2CE6-1E37-4D80-8E93-3C206C419DA7}.Release|Any CPU.Build.0 = Release|Any CPU
		{DAEA083F-BED3-4209-A874-D8BA212E9BAD}.Debug|Any CPU.ActiveCfg = Debug|Any CPU
		{DAEA083F-BED3-4209-A874-D8BA212E9BAD}.Debug|Any CPU.Build.0 = Debug|Any CPU
		{DAEA083F-BED3-4209-A874-D8BA212E9BAD}.Release|Any CPU.ActiveCfg = Release|Any CPU
		{DAEA083F-BED3-4209-A874-D8BA212E9BAD}.Release|Any CPU.Build.0 = Release|Any CPU
		{DBDE53AB-FDDA-4B1D-8450-8621E957E1F1}.Debug|Any CPU.ActiveCfg = Debug|Any CPU
		{DBDE53AB-FDDA-4B1D-8450-8621E957E1F1}.Debug|Any CPU.Build.0 = Debug|Any CPU
		{DBDE53AB-FDDA-4B1D-8450-8621E957E1F1}.Release|Any CPU.ActiveCfg = Release|Any CPU
		{DBDE53AB-FDDA-4B1D-8450-8621E957E1F1}.Release|Any CPU.Build.0 = Release|Any CPU
	EndGlobalSection
	GlobalSection(SolutionProperties) = preSolution
		HideSolutionNode = FALSE
	EndGlobalSection
	GlobalSection(NestedProjects) = preSolution
		{9A12D633-7624-41C7-9B17-F2F58EECBF50} = {7B6DCCAB-966D-459A-AA98-62A06F64414D}
		{61939BA4-A9B9-46FE-AD6A-20CF8754056C} = {9A12D633-7624-41C7-9B17-F2F58EECBF50}
		{C6AA5792-2029-4875-9FA8-DD8DA0013CFA} = {9A12D633-7624-41C7-9B17-F2F58EECBF50}
		{D72D2BC5-F0B1-4043-9F27-26223A046CF2} = {7B6DCCAB-966D-459A-AA98-62A06F64414D}
		{B4253460-EFBD-4DC9-81AB-8ABDE16B7461} = {7B6DCCAB-966D-459A-AA98-62A06F64414D}
		{6B8D3FC1-9BE3-4590-AD22-44529891C157} = {D72D2BC5-F0B1-4043-9F27-26223A046CF2}
		{DF5E3A9D-186D-4DB4-8BEB-823680C60DEB} = {C6AA5792-2029-4875-9FA8-DD8DA0013CFA}
		{5F066AF9-799B-460C-8E80-F13FDACA4AB7} = {B4253460-EFBD-4DC9-81AB-8ABDE16B7461}
		{5C732EA8-DF38-4984-A048-F1EA6860D806} = {61939BA4-A9B9-46FE-AD6A-20CF8754056C}
		{7CA62F1D-B011-47C7-9AC4-2AE1DD90FD00} = {C6AA5792-2029-4875-9FA8-DD8DA0013CFA}
		{9A1D2CE6-1E37-4D80-8E93-3C206C419DA7} = {B4253460-EFBD-4DC9-81AB-8ABDE16B7461}
		{DAEA083F-BED3-4209-A874-D8BA212E9BAD} = {D72D2BC5-F0B1-4043-9F27-26223A046CF2}
		{DBDE53AB-FDDA-4B1D-8450-8621E957E1F1} = {B58AFB31-7C5F-4EB4-B802-0ACF3ECA6E57}
	EndGlobalSection
	GlobalSection(ExtensibilityGlobals) = postSolution
		SolutionGuid = {24196982-7CA3-41D2-AEA6-0AD44F14CB8E}
	EndGlobalSection
EndGlobal
